
Microsoft Visual Studio Solution File, Format Version 12.00
# Visual Studio Version 17
VisualStudioVersion = 17.10.35122.118
MinimumVisualStudioVersion = 10.0.40219.1
Project("{FAE04EC0-301F-11D3-BF4B-00C04F79EFBC}") = "Pratik-Inheritance", "Pratik-Inheritance\Pratik-Inheritance.csproj", "{6A45E9CB-9B13-42B0-8875-7DA8C271F0CF}"
EndProject
Global
	GlobalSection(SolutionConfigurationPlatforms) = preSolution
		Debug|Any CPU = Debug|Any CPU
		Release|Any CPU = Release|Any CPU
	EndGlobalSection
	GlobalSection(ProjectConfigurationPlatforms) = postSolution
		{6A45E9CB-9B13-42B0-8875-7DA8C271F0CF}.Debug|Any CPU.ActiveCfg = Debug|Any CPU
		{6A45E9CB-9B13-42B0-8875-7DA8C271F0CF}.Debug|Any CPU.Build.0 = Debug|Any CPU
		{6A45E9CB-9B13-42B0-8875-7DA8C271F0CF}.Release|Any CPU.ActiveCfg = Release|Any CPU
		{6A45E9CB-9B13-42B0-8875-7DA8C271F0CF}.Release|Any CPU.Build.0 = Release|Any CPU
	EndGlobalSection
	GlobalSection(SolutionProperties) = preSolution
		HideSolutionNode = FALSE
	EndGlobalSection
	GlobalSection(ExtensibilityGlobals) = postSolution
		SolutionGuid = {1E3ED76C-CCBF-416B-A588-7DD4C89E6CBE}
	EndGlobalSection
EndGlobal
